
Microsoft Visual Studio Solution File, Format Version 12.00
# Visual Studio Version 16
VisualStudioVersion = 16.0.29519.181
MinimumVisualStudioVersion = 10.0.40219.1
Project("{FAE04EC0-301F-11D3-BF4B-00C04F79EFBC}") = "Push_Blur_Transition", "Push_Blur_Transition.csproj", "{852C4C0B-7264-49AE-A836-970E2A848C9E}"
EndProject
Global
	GlobalSection(SolutionConfigurationPlatforms) = preSolution
		Debug|Any CPU = Debug|Any CPU
		Release|Any CPU = Release|Any CPU
	EndGlobalSection
	GlobalSection(ProjectConfigurationPlatforms) = postSolution
		{852C4C0B-7264-49AE-A836-970E2A848C9E}.Debug|Any CPU.ActiveCfg = Debug|Any CPU
		{852C4C0B-7264-49AE-A836-970E2A848C9E}.Debug|Any CPU.Build.0 = Debug|Any CPU
		{852C4C0B-7264-49AE-A836-970E2A848C9E}.Release|Any CPU.ActiveCfg = Release|Any CPU
		{852C4C0B-7264-49AE-A836-970E2A848C9E}.Release|Any CPU.Build.0 = Release|Any CPU
	EndGlobalSection
	GlobalSection(SolutionProperties) = preSolution
		HideSolutionNode = FALSE
	EndGlobalSection
	GlobalSection(ExtensibilityGlobals) = postSolution
		SolutionGuid = {EF308EB6-7A34-433E-855B-18EF6C3B3962}
	EndGlobalSection
EndGlobal
